
Microsoft Visual Studio Solution File, Format Version 12.00
# Visual Studio 15
VisualStudioVersion = 15.0.27130.2010
MinimumVisualStudioVersion = 10.0.40219.1
Project("{FAE04EC0-301F-11D3-BF4B-00C04F79EFBC}") = "MarkdigMarkdownProcessor", "MarkdigMarkdownProcessor\MarkdigMarkdownProcessor.csproj", "{AC62C9A5-9C90-437E-B4D9-7CB700822F3A}"
EndProject
Global
	GlobalSection(SolutionConfigurationPlatforms) = preSolution
		Debug|Any CPU = Debug|Any CPU
		Release|Any CPU = Release|Any CPU
	EndGlobalSection
	GlobalSection(ProjectConfigurationPlatforms) = postSolution
		{AC62C9A5-9C90-437E-B4D9-7CB700822F3A}.Debug|Any CPU.ActiveCfg = Debug|Any CPU
		{AC62C9A5-9C90-437E-B4D9-7CB700822F3A}.Debug|Any CPU.Build.0 = Debug|Any CPU
		{AC62C9A5-9C90-437E-B4D9-7CB700822F3A}.Release|Any CPU.ActiveCfg = Release|Any CPU
		{AC62C9A5-9C90-437E-B4D9-7CB700822F3A}.Release|Any CPU.Build.0 = Release|Any CPU
	EndGlobalSection
	GlobalSection(SolutionProperties) = preSolution
		HideSolutionNode = FALSE
	EndGlobalSection
	GlobalSection(ExtensibilityGlobals) = postSolution
		SolutionGuid = {8AC17C19-F724-4443-997E-F2595C64D1BE}
	EndGlobalSection
EndGlobal
